{
  "name": "parallax",
  "lockfileVersion": 3,
  "requires": true,
  "packages": {
    "": {
      "dependencies": {
        "@rive-app/canvas": "^2.20.0"
      }
    },
    "node_modules/@rive-app/canvas": {
      "version": "2.20.0",
      "resolved": "https://registry.npmjs.org/@rive-app/canvas/-/canvas-2.20.0.tgz",
      "integrity": "sha512-CR6C+I5FIS4c2i0PWwTpp/AtEn1B8po6QCpM2FYff11Iz/Qkzz0zVlGLl8IAqSOYC18jbR6ya8Zufgy9hAULAQ=="
    }
  }
}
